
Microsoft Visual Studio Solution File, Format Version 12.00
# Visual Studio 15
VisualStudioVersion = 15.0.27703.2042
MinimumVisualStudioVersion = 10.0.40219.1
Project("{FAE04EC0-301F-11D3-BF4B-00C04F79EFBC}") = "匿名类型", "匿名类型\匿名类型.csproj", "{D246517C-F6EA-495D-A4D8-F47F9A04A693}"
EndProject
Global
	GlobalSection(SolutionConfigurationPlatforms) = preSolution
		Debug|Any CPU = Debug|Any CPU
		Release|Any CPU = Release|Any CPU
	EndGlobalSection
	GlobalSection(ProjectConfigurationPlatforms) = postSolution
		{D246517C-F6EA-495D-A4D8-F47F9A04A693}.Debug|Any CPU.ActiveCfg = Debug|Any CPU
		{D246517C-F6EA-495D-A4D8-F47F9A04A693}.Debug|Any CPU.Build.0 = Debug|Any CPU
		{D246517C-F6EA-495D-A4D8-F47F9A04A693}.Release|Any CPU.ActiveCfg = Release|Any CPU
		{D246517C-F6EA-495D-A4D8-F47F9A04A693}.Release|Any CPU.Build.0 = Release|Any CPU
	EndGlobalSection
	GlobalSection(SolutionProperties) = preSolution
		HideSolutionNode = FALSE
	EndGlobalSection
	GlobalSection(ExtensibilityGlobals) = postSolution
		SolutionGuid = {455F8860-B176-493D-ACA7-6891D06E5119}
	EndGlobalSection
EndGlobal
