
Microsoft Visual Studio Solution File, Format Version 12.00
# Visual Studio 15
VisualStudioVersion = 15.0.27703.2042
MinimumVisualStudioVersion = 10.0.40219.1
Project("{FAE04EC0-301F-11D3-BF4B-00C04F79EFBC}") = "对文件进行异步操作", "对文件进行异步操作\对文件进行异步操作.csproj", "{A2F8E58C-0E0C-4F6D-BF9B-91AF13233F4B}"
EndProject
Global
	GlobalSection(SolutionConfigurationPlatforms) = preSolution
		Debug|Any CPU = Debug|Any CPU
		Release|Any CPU = Release|Any CPU
	EndGlobalSection
	GlobalSection(ProjectConfigurationPlatforms) = postSolution
		{A2F8E58C-0E0C-4F6D-BF9B-91AF13233F4B}.Debug|Any CPU.ActiveCfg = Debug|Any CPU
		{A2F8E58C-0E0C-4F6D-BF9B-91AF13233F4B}.Debug|Any CPU.Build.0 = Debug|Any CPU
		{A2F8E58C-0E0C-4F6D-BF9B-91AF13233F4B}.Release|Any CPU.ActiveCfg = Release|Any CPU
		{A2F8E58C-0E0C-4F6D-BF9B-91AF13233F4B}.Release|Any CPU.Build.0 = Release|Any CPU
	EndGlobalSection
	GlobalSection(SolutionProperties) = preSolution
		HideSolutionNode = FALSE
	EndGlobalSection
	GlobalSection(ExtensibilityGlobals) = postSolution
		SolutionGuid = {FE0CE4AD-2981-4D15-A532-147FCC899179}
	EndGlobalSection
EndGlobal
