
Microsoft Visual Studio Solution File, Format Version 12.00
# Visual Studio 15
VisualStudioVersion = 15.0.27703.2042
MinimumVisualStudioVersion = 10.0.40219.1
Project("{FAE04EC0-301F-11D3-BF4B-00C04F79EFBC}") = "类型参数判断", "类型参数判断\类型参数判断.csproj", "{EF1AA4CA-0C3D-42BF-9F52-BE62D8860D67}"
EndProject
Global
	GlobalSection(SolutionConfigurationPlatforms) = preSolution
		Debug|Any CPU = Debug|Any CPU
		Release|Any CPU = Release|Any CPU
	EndGlobalSection
	GlobalSection(ProjectConfigurationPlatforms) = postSolution
		{EF1AA4CA-0C3D-42BF-9F52-BE62D8860D67}.Debug|Any CPU.ActiveCfg = Debug|Any CPU
		{EF1AA4CA-0C3D-42BF-9F52-BE62D8860D67}.Debug|Any CPU.Build.0 = Debug|Any CPU
		{EF1AA4CA-0C3D-42BF-9F52-BE62D8860D67}.Release|Any CPU.ActiveCfg = Release|Any CPU
		{EF1AA4CA-0C3D-42BF-9F52-BE62D8860D67}.Release|Any CPU.Build.0 = Release|Any CPU
	EndGlobalSection
	GlobalSection(SolutionProperties) = preSolution
		HideSolutionNode = FALSE
	EndGlobalSection
	GlobalSection(ExtensibilityGlobals) = postSolution
		SolutionGuid = {F9714952-B8A4-44D0-BB0E-041E14A32843}
	EndGlobalSection
EndGlobal
