
Microsoft Visual Studio Solution File, Format Version 12.00
# Visual Studio 15
VisualStudioVersion = 15.0.27703.2042
MinimumVisualStudioVersion = 10.0.40219.1
Project("{FAE04EC0-301F-11D3-BF4B-00C04F79EFBC}") = "3.0之前订阅事件", "3.0之前订阅事件\3.0之前订阅事件.csproj", "{500EF4F5-3CE3-4A84-8BBE-E7949785293C}"
EndProject
Global
	GlobalSection(SolutionConfigurationPlatforms) = preSolution
		Debug|Any CPU = Debug|Any CPU
		Release|Any CPU = Release|Any CPU
	EndGlobalSection
	GlobalSection(ProjectConfigurationPlatforms) = postSolution
		{500EF4F5-3CE3-4A84-8BBE-E7949785293C}.Debug|Any CPU.ActiveCfg = Debug|Any CPU
		{500EF4F5-3CE3-4A84-8BBE-E7949785293C}.Debug|Any CPU.Build.0 = Debug|Any CPU
		{500EF4F5-3CE3-4A84-8BBE-E7949785293C}.Release|Any CPU.ActiveCfg = Release|Any CPU
		{500EF4F5-3CE3-4A84-8BBE-E7949785293C}.Release|Any CPU.Build.0 = Release|Any CPU
	EndGlobalSection
	GlobalSection(SolutionProperties) = preSolution
		HideSolutionNode = FALSE
	EndGlobalSection
	GlobalSection(ExtensibilityGlobals) = postSolution
		SolutionGuid = {32D669BF-62DD-4DB0-B714-C9755CF41AE0}
	EndGlobalSection
EndGlobal
