
Microsoft Visual Studio Solution File, Format Version 12.00
# Visual Studio 15
VisualStudioVersion = 15.0.27703.2042
MinimumVisualStudioVersion = 10.0.40219.1
Project("{FAE04EC0-301F-11D3-BF4B-00C04F79EFBC}") = "空引用调用扩展方法", "空引用调用扩展方法\空引用调用扩展方法.csproj", "{0B71780C-862D-428E-9454-C38EFE64220A}"
EndProject
Global
	GlobalSection(SolutionConfigurationPlatforms) = preSolution
		Debug|Any CPU = Debug|Any CPU
		Release|Any CPU = Release|Any CPU
	EndGlobalSection
	GlobalSection(ProjectConfigurationPlatforms) = postSolution
		{0B71780C-862D-428E-9454-C38EFE64220A}.Debug|Any CPU.ActiveCfg = Debug|Any CPU
		{0B71780C-862D-428E-9454-C38EFE64220A}.Debug|Any CPU.Build.0 = Debug|Any CPU
		{0B71780C-862D-428E-9454-C38EFE64220A}.Release|Any CPU.ActiveCfg = Release|Any CPU
		{0B71780C-862D-428E-9454-C38EFE64220A}.Release|Any CPU.Build.0 = Release|Any CPU
	EndGlobalSection
	GlobalSection(SolutionProperties) = preSolution
		HideSolutionNode = FALSE
	EndGlobalSection
	GlobalSection(ExtensibilityGlobals) = postSolution
		SolutionGuid = {D0936A24-699F-4F2E-985C-3F995BFC0612}
	EndGlobalSection
EndGlobal
