
Microsoft Visual Studio Solution File, Format Version 12.00
# Visual Studio 15
VisualStudioVersion = 15.0.27703.2042
MinimumVisualStudioVersion = 10.0.40219.1
Project("{FAE04EC0-301F-11D3-BF4B-00C04F79EFBC}") = "结婚Lambda", "结婚Lambda\结婚Lambda.csproj", "{246B8FE2-495D-44B8-BB5B-79653DF1E47A}"
EndProject
Global
	GlobalSection(SolutionConfigurationPlatforms) = preSolution
		Debug|Any CPU = Debug|Any CPU
		Release|Any CPU = Release|Any CPU
	EndGlobalSection
	GlobalSection(ProjectConfigurationPlatforms) = postSolution
		{246B8FE2-495D-44B8-BB5B-79653DF1E47A}.Debug|Any CPU.ActiveCfg = Debug|Any CPU
		{246B8FE2-495D-44B8-BB5B-79653DF1E47A}.Debug|Any CPU.Build.0 = Debug|Any CPU
		{246B8FE2-495D-44B8-BB5B-79653DF1E47A}.Release|Any CPU.ActiveCfg = Release|Any CPU
		{246B8FE2-495D-44B8-BB5B-79653DF1E47A}.Release|Any CPU.Build.0 = Release|Any CPU
	EndGlobalSection
	GlobalSection(SolutionProperties) = preSolution
		HideSolutionNode = FALSE
	EndGlobalSection
	GlobalSection(ExtensibilityGlobals) = postSolution
		SolutionGuid = {C849EA1A-2239-4819-B83D-E37AD8E8357C}
	EndGlobalSection
EndGlobal
