
Microsoft Visual Studio Solution File, Format Version 12.00
# Visual Studio 15
VisualStudioVersion = 15.0.27703.2042
MinimumVisualStudioVersion = 10.0.40219.1
Project("{FAE04EC0-301F-11D3-BF4B-00C04F79EFBC}") = "File and FileInfo", "File and FileInfo\File and FileInfo.csproj", "{BD7D497F-244E-4BDB-92B1-F8D6EA76DDAF}"
EndProject
Global
	GlobalSection(SolutionConfigurationPlatforms) = preSolution
		Debug|Any CPU = Debug|Any CPU
		Release|Any CPU = Release|Any CPU
	EndGlobalSection
	GlobalSection(ProjectConfigurationPlatforms) = postSolution
		{BD7D497F-244E-4BDB-92B1-F8D6EA76DDAF}.Debug|Any CPU.ActiveCfg = Debug|Any CPU
		{BD7D497F-244E-4BDB-92B1-F8D6EA76DDAF}.Debug|Any CPU.Build.0 = Debug|Any CPU
		{BD7D497F-244E-4BDB-92B1-F8D6EA76DDAF}.Release|Any CPU.ActiveCfg = Release|Any CPU
		{BD7D497F-244E-4BDB-92B1-F8D6EA76DDAF}.Release|Any CPU.Build.0 = Release|Any CPU
	EndGlobalSection
	GlobalSection(SolutionProperties) = preSolution
		HideSolutionNode = FALSE
	EndGlobalSection
	GlobalSection(ExtensibilityGlobals) = postSolution
		SolutionGuid = {C728477F-D78E-4F79-A878-7F92A604C400}
	EndGlobalSection
EndGlobal
